
Microsoft Visual Studio Solution File, Format Version 12.00
# Visual Studio 15
VisualStudioVersion = 15.0.28010.2036
MinimumVisualStudioVersion = 10.0.40219.1
Project("{FAE04EC0-301F-11D3-BF4B-00C04F79EFBC}") = "Wallpaper Generator", "Wallpaper Generator\Wallpaper Generator.csproj", "{7063D885-3F27-49B9-A275-C31331696887}"
EndProject
Global
	GlobalSection(SolutionConfigurationPlatforms) = preSolution
		Debug|Any CPU = Debug|Any CPU
		Release|Any CPU = Release|Any CPU
	EndGlobalSection
	GlobalSection(ProjectConfigurationPlatforms) = postSolution
		{7063D885-3F27-49B9-A275-C31331696887}.Debug|Any CPU.ActiveCfg = Debug|Any CPU
		{7063D885-3F27-49B9-A275-C31331696887}.Debug|Any CPU.Build.0 = Debug|Any CPU
		{7063D885-3F27-49B9-A275-C31331696887}.Release|Any CPU.ActiveCfg = Release|Any CPU
		{7063D885-3F27-49B9-A275-C31331696887}.Release|Any CPU.Build.0 = Release|Any CPU
	EndGlobalSection
	GlobalSection(SolutionProperties) = preSolution
		HideSolutionNode = FALSE
	EndGlobalSection
	GlobalSection(ExtensibilityGlobals) = postSolution
		SolutionGuid = {DFB34100-62E4-41AA-BC7A-C8F3FA83C9D8}
	EndGlobalSection
EndGlobal
